// !$*UTF8*$!
{
	archiveVersion = 1;
	classes = {
	};
	objectVersion = 46;
	objects = {

/* Begin PBXBuildFile section */
		655DA1BC1D3E6C69003BDD72 /* CountdownInterfaceController.swift in Sources */ = {isa = PBXBuildFile; fileRef = 655DA1BB1D3E6C69003BDD72 /* CountdownInterfaceController.swift */; };
		E12A85AD1D3567E000FBF7E1 /* AppDelegate.swift in Sources */ = {isa = PBXBuildFile; fileRef = E12A85AC1D3567E000FBF7E1 /* AppDelegate.swift */; };
		E12A85AF1D3567E000FBF7E1 /* ElderSignUpViewController.swift in Sources */ = {isa = PBXBuildFile; fileRef = E12A85AE1D3567E000FBF7E1 /* ElderSignUpViewController.swift */; };
		E12A85B21D3567E000FBF7E1 /* Main.storyboard in Resources */ = {isa = PBXBuildFile; fileRef = E12A85B01D3567E000FBF7E1 /* Main.storyboard */; };
		E12A85B41D3567E000FBF7E1 /* Assets.xcassets in Resources */ = {isa = PBXBuildFile; fileRef = E12A85B31D3567E000FBF7E1 /* Assets.xcassets */; };
		E12A85B71D3567E000FBF7E1 /* LaunchScreen.storyboard in Resources */ = {isa = PBXBuildFile; fileRef = E12A85B51D3567E000FBF7E1 /* LaunchScreen.storyboard */; };
		E12A85BC1D3567E000FBF7E1 /* health_app WatchKit App.app in Embed Watch Content */ = {isa = PBXBuildFile; fileRef = E12A85BB1D3567E000FBF7E1 /* health_app WatchKit App.app */; };
		E12A85C21D3567E000FBF7E1 /* Interface.storyboard in Resources */ = {isa = PBXBuildFile; fileRef = E12A85C01D3567E000FBF7E1 /* Interface.storyboard */; };
		E12A85C41D3567E000FBF7E1 /* Assets.xcassets in Resources */ = {isa = PBXBuildFile; fileRef = E12A85C31D3567E000FBF7E1 /* Assets.xcassets */; };
		E12A85CB1D3567E100FBF7E1 /* health_app WatchKit Extension.appex in Embed App Extensions */ = {isa = PBXBuildFile; fileRef = E12A85CA1D3567E100FBF7E1 /* health_app WatchKit Extension.appex */; settings = {ATTRIBUTES = (RemoveHeadersOnCopy, ); }; };
		E12A85D21D3567E100FBF7E1 /* HeartRateInterfaceController.swift in Sources */ = {isa = PBXBuildFile; fileRef = E12A85D11D3567E100FBF7E1 /* HeartRateInterfaceController.swift */; };
		E12A85D41D3567E100FBF7E1 /* ExtensionDelegate.swift in Sources */ = {isa = PBXBuildFile; fileRef = E12A85D31D3567E100FBF7E1 /* ExtensionDelegate.swift */; };
		E12A85D61D3567E100FBF7E1 /* NotificationController.swift in Sources */ = {isa = PBXBuildFile; fileRef = E12A85D51D3567E100FBF7E1 /* NotificationController.swift */; };
		E12A85D81D3567E100FBF7E1 /* Assets.xcassets in Resources */ = {isa = PBXBuildFile; fileRef = E12A85D71D3567E100FBF7E1 /* Assets.xcassets */; };
		E174D9F21D37DBE400EC9086 /* WaitViewController.swift in Sources */ = {isa = PBXBuildFile; fileRef = E174D9F11D37DBE400EC9086 /* WaitViewController.swift */; };
		E174D9F61D37DCDB00EC9086 /* PairViewController.swift in Sources */ = {isa = PBXBuildFile; fileRef = E174D9F51D37DCDB00EC9086 /* PairViewController.swift */; };
		E174D9F81D37DD8A00EC9086 /* MonitorViewController.swift in Sources */ = {isa = PBXBuildFile; fileRef = E174D9F71D37DD8A00EC9086 /* MonitorViewController.swift */; };
		E174D9FA1D37DF0200EC9086 /* Elder.swift in Sources */ = {isa = PBXBuildFile; fileRef = E174D9F91D37DF0200EC9086 /* Elder.swift */; };
		E174D9FC1D37DF1A00EC9086 /* Caretaker.swift in Sources */ = {isa = PBXBuildFile; fileRef = E174D9FB1D37DF1A00EC9086 /* Caretaker.swift */; };
		E174D9FE1D37DFAF00EC9086 /* EditViewController.swift in Sources */ = {isa = PBXBuildFile; fileRef = E174D9FD1D37DFAF00EC9086 /* EditViewController.swift */; };
		E174DA001D37DFE400EC9086 /* MainViewController.swift in Sources */ = {isa = PBXBuildFile; fileRef = E174D9FF1D37DFE400EC9086 /* MainViewController.swift */; };
		E174DA021D37E0D500EC9086 /* InitialViewController.swift in Sources */ = {isa = PBXBuildFile; fileRef = E174DA011D37E0D500EC9086 /* InitialViewController.swift */; };
		E174DA041D37E39000EC9086 /* MovementInterfaceController.swift in Sources */ = {isa = PBXBuildFile; fileRef = E174DA031D37E39000EC9086 /* MovementInterfaceController.swift */; };
		E174DA061D37E3CF00EC9086 /* LocationInterfaceController.swift in Sources */ = {isa = PBXBuildFile; fileRef = E174DA051D37E3CF00EC9086 /* LocationInterfaceController.swift */; };
		E174DA081D37E3F200EC9086 /* MonitorInterfaceController.swift in Sources */ = {isa = PBXBuildFile; fileRef = E174DA071D37E3F200EC9086 /* MonitorInterfaceController.swift */; };
		E174DA0A1D37FE0F00EC9086 /* GradiantLayer.swift in Sources */ = {isa = PBXBuildFile; fileRef = E174DA091D37FE0F00EC9086 /* GradiantLayer.swift */; };
		E1D631B11D3FCCD6007FF5D2 /* CTSignupViewController.swift in Sources */ = {isa = PBXBuildFile; fileRef = E1D631B01D3FCCD6007FF5D2 /* CTSignupViewController.swift */; };
		E1D631B31D3FE093007FF5D2 /* CoreLocation.framework in Frameworks */ = {isa = PBXBuildFile; fileRef = E1D631B21D3FE093007FF5D2 /* CoreLocation.framework */; };
		E1F4EB0B1D3E7FFB00EBDA3E /* CloudKit.framework in Frameworks */ = {isa = PBXBuildFile; fileRef = E1F4EB0A1D3E7FFB00EBDA3E /* CloudKit.framework */; };
		EB2E2E171D394DEC00C50080 /* HealthKit.framework in Frameworks */ = {isa = PBXBuildFile; fileRef = EB2E2E161D394DEC00C50080 /* HealthKit.framework */; };
		EBC615891D3EB2DB00355AB2 /* CoudKitDAO.swift in Sources */ = {isa = PBXBuildFile; fileRef = EBC615881D3EB2DB00355AB2 /* CoudKitDAO.swift */; };
/* End PBXBuildFile section */

/* Begin PBXContainerItemProxy section */
		E12A85BD1D3567E000FBF7E1 /* PBXContainerItemProxy */ = {
			isa = PBXContainerItemProxy;
			containerPortal = E12A85A11D3567E000FBF7E1 /* Project object */;
			proxyType = 1;
			remoteGlobalIDString = E12A85BA1D3567E000FBF7E1;
			remoteInfo = "health_app WatchKit App";
		};
		E12A85CC1D3567E100FBF7E1 /* PBXContainerItemProxy */ = {
			isa = PBXContainerItemProxy;
			containerPortal = E12A85A11D3567E000FBF7E1 /* Project object */;
			proxyType = 1;
			remoteGlobalIDString = E12A85C91D3567E100FBF7E1;
			remoteInfo = "health_app WatchKit Extension";
		};
/* End PBXContainerItemProxy section */

/* Begin PBXCopyFilesBuildPhase section */
		E12A85DF1D3567E100FBF7E1 /* Embed App Extensions */ = {
			isa = PBXCopyFilesBuildPhase;
			buildActionMask = 2147483647;
			dstPath = "";
			dstSubfolderSpec = 13;
			files = (
				E12A85CB1D3567E100FBF7E1 /* health_app WatchKit Extension.appex in Embed App Extensions */,
			);
			name = "Embed App Extensions";
			runOnlyForDeploymentPostprocessing = 0;
		};
		E12A85E31D3567E100FBF7E1 /* Embed Watch Content */ = {
			isa = PBXCopyFilesBuildPhase;
			buildActionMask = 2147483647;
			dstPath = "$(CONTENTS_FOLDER_PATH)/Watch";
			dstSubfolderSpec = 16;
			files = (
				E12A85BC1D3567E000FBF7E1 /* health_app WatchKit App.app in Embed Watch Content */,
			);
			name = "Embed Watch Content";
			runOnlyForDeploymentPostprocessing = 0;
		};
/* End PBXCopyFilesBuildPhase section */

/* Begin PBXFileReference section */
		655DA1BB1D3E6C69003BDD72 /* CountdownInterfaceController.swift */ = {isa = PBXFileReference; fileEncoding = 4; lastKnownFileType = sourcecode.swift; path = CountdownInterfaceController.swift; sourceTree = "<group>"; };
		E12A85A91D3567E000FBF7E1 /* health_app.app */ = {isa = PBXFileReference; explicitFileType = wrapper.application; includeInIndex = 0; path = health_app.app; sourceTree = BUILT_PRODUCTS_DIR; };
		E12A85AC1D3567E000FBF7E1 /* AppDelegate.swift */ = {isa = PBXFileReference; lastKnownFileType = sourcecode.swift; path = AppDelegate.swift; sourceTree = "<group>"; };
		E12A85AE1D3567E000FBF7E1 /* ElderSignUpViewController.swift */ = {isa = PBXFileReference; lastKnownFileType = sourcecode.swift; path = ElderSignUpViewController.swift; sourceTree = "<group>"; };
		E12A85B11D3567E000FBF7E1 /* Base */ = {isa = PBXFileReference; lastKnownFileType = file.storyboard; name = Base; path = Base.lproj/Main.storyboard; sourceTree = "<group>"; };
		E12A85B31D3567E000FBF7E1 /* Assets.xcassets */ = {isa = PBXFileReference; lastKnownFileType = folder.assetcatalog; path = Assets.xcassets; sourceTree = "<group>"; };
		E12A85B61D3567E000FBF7E1 /* Base */ = {isa = PBXFileReference; lastKnownFileType = file.storyboard; name = Base; path = Base.lproj/LaunchScreen.storyboard; sourceTree = "<group>"; };
		E12A85B81D3567E000FBF7E1 /* Info.plist */ = {isa = PBXFileReference; lastKnownFileType = text.plist.xml; path = Info.plist; sourceTree = "<group>"; };
		E12A85BB1D3567E000FBF7E1 /* health_app WatchKit App.app */ = {isa = PBXFileReference; explicitFileType = wrapper.application; includeInIndex = 0; path = "health_app WatchKit App.app"; sourceTree = BUILT_PRODUCTS_DIR; };
		E12A85C11D3567E000FBF7E1 /* Base */ = {isa = PBXFileReference; lastKnownFileType = file.storyboard; name = Base; path = Base.lproj/Interface.storyboard; sourceTree = "<group>"; };
		E12A85C31D3567E000FBF7E1 /* Assets.xcassets */ = {isa = PBXFileReference; lastKnownFileType = folder.assetcatalog; path = Assets.xcassets; sourceTree = "<group>"; };
		E12A85C51D3567E000FBF7E1 /* Info.plist */ = {isa = PBXFileReference; lastKnownFileType = text.plist.xml; path = Info.plist; sourceTree = "<group>"; };
		E12A85CA1D3567E100FBF7E1 /* health_app WatchKit Extension.appex */ = {isa = PBXFileReference; explicitFileType = "wrapper.app-extension"; includeInIndex = 0; path = "health_app WatchKit Extension.appex"; sourceTree = BUILT_PRODUCTS_DIR; };
		E12A85D01D3567E100FBF7E1 /* PushNotificationPayload.apns */ = {isa = PBXFileReference; lastKnownFileType = text; path = PushNotificationPayload.apns; sourceTree = "<group>"; };
		E12A85D11D3567E100FBF7E1 /* HeartRateInterfaceController.swift */ = {isa = PBXFileReference; lastKnownFileType = sourcecode.swift; path = HeartRateInterfaceController.swift; sourceTree = "<group>"; };
		E12A85D31D3567E100FBF7E1 /* ExtensionDelegate.swift */ = {isa = PBXFileReference; lastKnownFileType = sourcecode.swift; path = ExtensionDelegate.swift; sourceTree = "<group>"; };
		E12A85D51D3567E100FBF7E1 /* NotificationController.swift */ = {isa = PBXFileReference; lastKnownFileType = sourcecode.swift; path = NotificationController.swift; sourceTree = "<group>"; };
		E12A85D71D3567E100FBF7E1 /* Assets.xcassets */ = {isa = PBXFileReference; lastKnownFileType = folder.assetcatalog; path = Assets.xcassets; sourceTree = "<group>"; };
		E12A85D91D3567E100FBF7E1 /* Info.plist */ = {isa = PBXFileReference; lastKnownFileType = text.plist.xml; path = Info.plist; sourceTree = "<group>"; };
		E174D9F11D37DBE400EC9086 /* WaitViewController.swift */ = {isa = PBXFileReference; fileEncoding = 4; lastKnownFileType = sourcecode.swift; path = WaitViewController.swift; sourceTree = "<group>"; };
		E174D9F51D37DCDB00EC9086 /* PairViewController.swift */ = {isa = PBXFileReference; fileEncoding = 4; lastKnownFileType = sourcecode.swift; path = PairViewController.swift; sourceTree = "<group>"; };
		E174D9F71D37DD8A00EC9086 /* MonitorViewController.swift */ = {isa = PBXFileReference; fileEncoding = 4; lastKnownFileType = sourcecode.swift; path = MonitorViewController.swift; sourceTree = "<group>"; };
		E174D9F91D37DF0200EC9086 /* Elder.swift */ = {isa = PBXFileReference; fileEncoding = 4; lastKnownFileType = sourcecode.swift; path = Elder.swift; sourceTree = "<group>"; };
		E174D9FB1D37DF1A00EC9086 /* Caretaker.swift */ = {isa = PBXFileReference; fileEncoding = 4; lastKnownFileType = sourcecode.swift; path = Caretaker.swift; sourceTree = "<group>"; };
		E174D9FD1D37DFAF00EC9086 /* EditViewController.swift */ = {isa = PBXFileReference; fileEncoding = 4; lastKnownFileType = sourcecode.swift; path = EditViewController.swift; sourceTree = "<group>"; };
		E174D9FF1D37DFE400EC9086 /* MainViewController.swift */ = {isa = PBXFileReference; fileEncoding = 4; lastKnownFileType = sourcecode.swift; path = MainViewController.swift; sourceTree = "<group>"; };
		E174DA011D37E0D500EC9086 /* InitialViewController.swift */ = {isa = PBXFileReference; fileEncoding = 4; lastKnownFileType = sourcecode.swift; path = InitialViewController.swift; sourceTree = "<group>"; };
		E174DA031D37E39000EC9086 /* MovementInterfaceController.swift */ = {isa = PBXFileReference; fileEncoding = 4; lastKnownFileType = sourcecode.swift; path = MovementInterfaceController.swift; sourceTree = "<group>"; };
		E174DA051D37E3CF00EC9086 /* LocationInterfaceController.swift */ = {isa = PBXFileReference; fileEncoding = 4; lastKnownFileType = sourcecode.swift; path = LocationInterfaceController.swift; sourceTree = "<group>"; };
		E174DA071D37E3F200EC9086 /* MonitorInterfaceController.swift */ = {isa = PBXFileReference; fileEncoding = 4; lastKnownFileType = sourcecode.swift; path = MonitorInterfaceController.swift; sourceTree = "<group>"; };
		E174DA091D37FE0F00EC9086 /* GradiantLayer.swift */ = {isa = PBXFileReference; fileEncoding = 4; lastKnownFileType = sourcecode.swift; path = GradiantLayer.swift; sourceTree = "<group>"; };
		E1D631B01D3FCCD6007FF5D2 /* CTSignupViewController.swift */ = {isa = PBXFileReference; fileEncoding = 4; lastKnownFileType = sourcecode.swift; path = CTSignupViewController.swift; sourceTree = "<group>"; };
		E1D631B21D3FE093007FF5D2 /* CoreLocation.framework */ = {isa = PBXFileReference; lastKnownFileType = wrapper.framework; name = CoreLocation.framework; path = System/Library/Frameworks/CoreLocation.framework; sourceTree = SDKROOT; };
		E1F4EB0A1D3E7FFB00EBDA3E /* CloudKit.framework */ = {isa = PBXFileReference; lastKnownFileType = wrapper.framework; name = CloudKit.framework; path = System/Library/Frameworks/CloudKit.framework; sourceTree = SDKROOT; };
		EB2E2E121D394DCF00C50080 /* health_app.entitlements */ = {isa = PBXFileReference; lastKnownFileType = text.xml; path = health_app.entitlements; sourceTree = "<group>"; };
		EB2E2E161D394DEC00C50080 /* HealthKit.framework */ = {isa = PBXFileReference; lastKnownFileType = wrapper.framework; name = HealthKit.framework; path = System/Library/Frameworks/HealthKit.framework; sourceTree = SDKROOT; };
		EBC615881D3EB2DB00355AB2 /* CoudKitDAO.swift */ = {isa = PBXFileReference; fileEncoding = 4; lastKnownFileType = sourcecode.swift; path = CoudKitDAO.swift; sourceTree = "<group>"; };
/* End PBXFileReference section */

/* Begin PBXFrameworksBuildPhase section */
		E12A85A61D3567E000FBF7E1 /* Frameworks */ = {
			isa = PBXFrameworksBuildPhase;
			buildActionMask = 2147483647;
			files = (
				E1D631B31D3FE093007FF5D2 /* CoreLocation.framework in Frameworks */,
				EB2E2E171D394DEC00C50080 /* HealthKit.framework in Frameworks */,
				E1F4EB0B1D3E7FFB00EBDA3E /* CloudKit.framework in Frameworks */,
			);
			runOnlyForDeploymentPostprocessing = 0;
		};
		E12A85C71D3567E100FBF7E1 /* Frameworks */ = {
			isa = PBXFrameworksBuildPhase;
			buildActionMask = 2147483647;
			files = (
			);
			runOnlyForDeploymentPostprocessing = 0;
		};
/* End PBXFrameworksBuildPhase section */

/* Begin PBXGroup section */
		E10DDC751D37D9F900355545 /* Model */ = {
			isa = PBXGroup;
			children = (
				EBC615881D3EB2DB00355AB2 /* CoudKitDAO.swift */,
				E174D9F91D37DF0200EC9086 /* Elder.swift */,
				E174D9FB1D37DF1A00EC9086 /* Caretaker.swift */,
				E174DA091D37FE0F00EC9086 /* GradiantLayer.swift */,
			);
			name = Model;
			sourceTree = "<group>";
		};
		E10DDC761D37DA1000355545 /* View */ = {
			isa = PBXGroup;
			children = (
				E12A85B01D3567E000FBF7E1 /* Main.storyboard */,
				E12A85B51D3567E000FBF7E1 /* LaunchScreen.storyboard */,
			);
			name = View;
			sourceTree = "<group>";
		};
		E10DDC771D37DA3D00355545 /* Controller */ = {
			isa = PBXGroup;
			children = (
				E174DA011D37E0D500EC9086 /* InitialViewController.swift */,
				E174D9F41D37DCAD00EC9086 /* Caretaker */,
				E174D9F31D37DC9400EC9086 /* Elder */,
			);
			name = Controller;
			sourceTree = "<group>";
		};
		E12A85A01D3567E000FBF7E1 = {
			isa = PBXGroup;
			children = (
				E12A85AB1D3567E000FBF7E1 /* health_app */,
				E12A85BF1D3567E000FBF7E1 /* health_app WatchKit App */,
				E12A85CE1D3567E100FBF7E1 /* health_app WatchKit Extension */,
				E12A85AA1D3567E000FBF7E1 /* Products */,
				EB2E2E131D394DE300C50080 /* Frameworks */,
			);
			sourceTree = "<group>";
		};
		E12A85AA1D3567E000FBF7E1 /* Products */ = {
			isa = PBXGroup;
			children = (
				E12A85A91D3567E000FBF7E1 /* health_app.app */,
				E12A85BB1D3567E000FBF7E1 /* health_app WatchKit App.app */,
				E12A85CA1D3567E100FBF7E1 /* health_app WatchKit Extension.appex */,
			);
			name = Products;
			sourceTree = "<group>";
		};
		E12A85AB1D3567E000FBF7E1 /* health_app */ = {
			isa = PBXGroup;
			children = (
				EB2E2E121D394DCF00C50080 /* health_app.entitlements */,
				E12A85AC1D3567E000FBF7E1 /* AppDelegate.swift */,
				E10DDC751D37D9F900355545 /* Model */,
				E10DDC771D37DA3D00355545 /* Controller */,
				E10DDC761D37DA1000355545 /* View */,
				E12A85B31D3567E000FBF7E1 /* Assets.xcassets */,
				E12A85B81D3567E000FBF7E1 /* Info.plist */,
			);
			path = health_app;
			sourceTree = "<group>";
		};
		E12A85BF1D3567E000FBF7E1 /* health_app WatchKit App */ = {
			isa = PBXGroup;
			children = (
				E12A85C01D3567E000FBF7E1 /* Interface.storyboard */,
				E12A85C31D3567E000FBF7E1 /* Assets.xcassets */,
				E12A85C51D3567E000FBF7E1 /* Info.plist */,
			);
			path = "health_app WatchKit App";
			sourceTree = "<group>";
		};
		E12A85CE1D3567E100FBF7E1 /* health_app WatchKit Extension */ = {
			isa = PBXGroup;
			children = (
				E12A85D11D3567E100FBF7E1 /* HeartRateInterfaceController.swift */,
				E174DA031D37E39000EC9086 /* MovementInterfaceController.swift */,
				E174DA051D37E3CF00EC9086 /* LocationInterfaceController.swift */,
				E174DA071D37E3F200EC9086 /* MonitorInterfaceController.swift */,
				E12A85D31D3567E100FBF7E1 /* ExtensionDelegate.swift */,
				E12A85D51D3567E100FBF7E1 /* NotificationController.swift */,
				655DA1BB1D3E6C69003BDD72 /* CountdownInterfaceController.swift */,
				E12A85D71D3567E100FBF7E1 /* Assets.xcassets */,
				E12A85D91D3567E100FBF7E1 /* Info.plist */,
				E12A85CF1D3567E100FBF7E1 /* Supporting Files */,
			);
			path = "health_app WatchKit Extension";
			sourceTree = "<group>";
		};
		E12A85CF1D3567E100FBF7E1 /* Supporting Files */ = {
			isa = PBXGroup;
			children = (
				E12A85D01D3567E100FBF7E1 /* PushNotificationPayload.apns */,
			);
			name = "Supporting Files";
			sourceTree = "<group>";
		};
		E174D9F31D37DC9400EC9086 /* Elder */ = {
			isa = PBXGroup;
			children = (
				E12A85AE1D3567E000FBF7E1 /* ElderSignUpViewController.swift */,
				E174D9F11D37DBE400EC9086 /* WaitViewController.swift */,
				E174D9FF1D37DFE400EC9086 /* MainViewController.swift */,
				E174D9FD1D37DFAF00EC9086 /* EditViewController.swift */,
			);
			name = Elder;
			sourceTree = "<group>";
		};
		E174D9F41D37DCAD00EC9086 /* Caretaker */ = {
			isa = PBXGroup;
			children = (
				E1D631B01D3FCCD6007FF5D2 /* CTSignupViewController.swift */,
				E174D9F51D37DCDB00EC9086 /* PairViewController.swift */,
				E174D9F71D37DD8A00EC9086 /* MonitorViewController.swift */,
			);
			name = Caretaker;
			sourceTree = "<group>";
		};
		EB2E2E131D394DE300C50080 /* Frameworks */ = {
			isa = PBXGroup;
			children = (
				E1D631B21D3FE093007FF5D2 /* CoreLocation.framework */,
				E1F4EB0A1D3E7FFB00EBDA3E /* CloudKit.framework */,
				EB2E2E161D394DEC00C50080 /* HealthKit.framework */,
			);
			name = Frameworks;
			sourceTree = "<group>";
		};
/* End PBXGroup section */

/* Begin PBXNativeTarget section */
		E12A85A81D3567E000FBF7E1 /* health_app */ = {
			isa = PBXNativeTarget;
			buildConfigurationList = E12A85E41D3567E100FBF7E1 /* Build configuration list for PBXNativeTarget "health_app" */;
			buildPhases = (
				E12A85A51D3567E000FBF7E1 /* Sources */,
				E12A85A61D3567E000FBF7E1 /* Frameworks */,
				E12A85A71D3567E000FBF7E1 /* Resources */,
				E12A85E31D3567E100FBF7E1 /* Embed Watch Content */,
			);
			buildRules = (
			);
			dependencies = (
				E12A85BE1D3567E000FBF7E1 /* PBXTargetDependency */,
			);
			name = health_app;
			productName = health_app;
			productReference = E12A85A91D3567E000FBF7E1 /* health_app.app */;
			productType = "com.apple.product-type.application";
		};
		E12A85BA1D3567E000FBF7E1 /* health_app WatchKit App */ = {
			isa = PBXNativeTarget;
			buildConfigurationList = E12A85E01D3567E100FBF7E1 /* Build configuration list for PBXNativeTarget "health_app WatchKit App" */;
			buildPhases = (
				E12A85B91D3567E000FBF7E1 /* Resources */,
				E12A85DF1D3567E100FBF7E1 /* Embed App Extensions */,
			);
			buildRules = (
			);
			dependencies = (
				E12A85CD1D3567E100FBF7E1 /* PBXTargetDependency */,
			);
			name = "health_app WatchKit App";
			productName = "health_app WatchKit App";
			productReference = E12A85BB1D3567E000FBF7E1 /* health_app WatchKit App.app */;
			productType = "com.apple.product-type.application.watchapp2";
		};
		E12A85C91D3567E100FBF7E1 /* health_app WatchKit Extension */ = {
			isa = PBXNativeTarget;
			buildConfigurationList = E12A85DC1D3567E100FBF7E1 /* Build configuration list for PBXNativeTarget "health_app WatchKit Extension" */;
			buildPhases = (
				E12A85C61D3567E100FBF7E1 /* Sources */,
				E12A85C71D3567E100FBF7E1 /* Frameworks */,
				E12A85C81D3567E100FBF7E1 /* Resources */,
			);
			buildRules = (
			);
			dependencies = (
			);
			name = "health_app WatchKit Extension";
			productName = "health_app WatchKit Extension";
			productReference = E12A85CA1D3567E100FBF7E1 /* health_app WatchKit Extension.appex */;
			productType = "com.apple.product-type.watchkit2-extension";
		};
/* End PBXNativeTarget section */

/* Begin PBXProject section */
		E12A85A11D3567E000FBF7E1 /* Project object */ = {
			isa = PBXProject;
			attributes = {
				LastSwiftUpdateCheck = 0800;
				LastUpgradeCheck = 0800;
				ORGANIZATIONNAME = "Ana Carolina Nascimento";
				TargetAttributes = {
					E12A85A81D3567E000FBF7E1 = {
						CreatedOnToolsVersion = 8.0;
						DevelopmentTeam = 92E4YSM59Z;
						DevelopmentTeamName = "Pedro de Sá";
						ProvisioningStyle = Automatic;
						SystemCapabilities = {
							com.apple.HealthKit = {
								enabled = 1;
							};
							com.apple.iCloud = {
								enabled = 1;
							};
						};
					};
					E12A85BA1D3567E000FBF7E1 = {
						CreatedOnToolsVersion = 8.0;
						DevelopmentTeam = 92E4YSM59Z;
						DevelopmentTeamName = "Pedro de Sá";
						ProvisioningStyle = Automatic;
					};
					E12A85C91D3567E100FBF7E1 = {
						CreatedOnToolsVersion = 8.0;
						DevelopmentTeam = 92E4YSM59Z;
						DevelopmentTeamName = "Pedro de Sá";
						ProvisioningStyle = Automatic;
					};
				};
			};
			buildConfigurationList = E12A85A41D3567E000FBF7E1 /* Build configuration list for PBXProject "health_app" */;
			compatibilityVersion = "Xcode 3.2";
			developmentRegion = English;
			hasScannedForEncodings = 0;
			knownRegions = (
				en,
				Base,
			);
			mainGroup = E12A85A01D3567E000FBF7E1;
			productRefGroup = E12A85AA1D3567E000FBF7E1 /* Products */;
			projectDirPath = "";
			projectRoot = "";
			targets = (
				E12A85A81D3567E000FBF7E1 /* health_app */,
				E12A85BA1D3567E000FBF7E1 /* health_app WatchKit App */,
				E12A85C91D3567E100FBF7E1 /* health_app WatchKit Extension */,
			);
		};
/* End PBXProject section */

/* Begin PBXResourcesBuildPhase section */
		E12A85A71D3567E000FBF7E1 /* Resources */ = {
			isa = PBXResourcesBuildPhase;
			buildActionMask = 2147483647;
			files = (
				E12A85B71D3567E000FBF7E1 /* LaunchScreen.storyboard in Resources */,
				E12A85B41D3567E000FBF7E1 /* Assets.xcassets in Resources */,
				E12A85B21D3567E000FBF7E1 /* Main.storyboard in Resources */,
			);
			runOnlyForDeploymentPostprocessing = 0;
		};
		E12A85B91D3567E000FBF7E1 /* Resources */ = {
			isa = PBXResourcesBuildPhase;
			buildActionMask = 2147483647;
			files = (
				E12A85C41D3567E000FBF7E1 /* Assets.xcassets in Resources */,
				E12A85C21D3567E000FBF7E1 /* Interface.storyboard in Resources */,
			);
			runOnlyForDeploymentPostprocessing = 0;
		};
		E12A85C81D3567E100FBF7E1 /* Resources */ = {
			isa = PBXResourcesBuildPhase;
			buildActionMask = 2147483647;
			files = (
				E12A85D81D3567E100FBF7E1 /* Assets.xcassets in Resources */,
			);
			runOnlyForDeploymentPostprocessing = 0;
		};
/* End PBXResourcesBuildPhase section */

/* Begin PBXSourcesBuildPhase section */
		E12A85A51D3567E000FBF7E1 /* Sources */ = {
			isa = PBXSourcesBuildPhase;
			buildActionMask = 2147483647;
			files = (
				E174D9FE1D37DFAF00EC9086 /* EditViewController.swift in Sources */,
				E12A85AF1D3567E000FBF7E1 /* ElderSignUpViewController.swift in Sources */,
				E174D9F21D37DBE400EC9086 /* WaitViewController.swift in Sources */,
				E1D631B11D3FCCD6007FF5D2 /* CTSignupViewController.swift in Sources */,
				E174D9FA1D37DF0200EC9086 /* Elder.swift in Sources */,
				E174D9FC1D37DF1A00EC9086 /* Caretaker.swift in Sources */,
				E174DA021D37E0D500EC9086 /* InitialViewController.swift in Sources */,
				E174DA0A1D37FE0F00EC9086 /* GradiantLayer.swift in Sources */,
				E174D9F61D37DCDB00EC9086 /* PairViewController.swift in Sources */,
				E174DA001D37DFE400EC9086 /* MainViewController.swift in Sources */,
				E174D9F81D37DD8A00EC9086 /* MonitorViewController.swift in Sources */,
				EBC615891D3EB2DB00355AB2 /* CoudKitDAO.swift in Sources */,
				E12A85AD1D3567E000FBF7E1 /* AppDelegate.swift in Sources */,
			);
			runOnlyForDeploymentPostprocessing = 0;
		};
		E12A85C61D3567E100FBF7E1 /* Sources */ = {
			isa = PBXSourcesBuildPhase;
			buildActionMask = 2147483647;
			files = (
				E174DA081D37E3F200EC9086 /* MonitorInterfaceController.swift in Sources */,
				E174DA041D37E39000EC9086 /* MovementInterfaceController.swift in Sources */,
				E12A85D61D3567E100FBF7E1 /* NotificationController.swift in Sources */,
				E12A85D41D3567E100FBF7E1 /* ExtensionDelegate.swift in Sources */,
				655DA1BC1D3E6C69003BDD72 /* CountdownInterfaceController.swift in Sources */,
				E12A85D21D3567E100FBF7E1 /* HeartRateInterfaceController.swift in Sources */,
				E174DA061D37E3CF00EC9086 /* LocationInterfaceController.swift in Sources */,
			);
			runOnlyForDeploymentPostprocessing = 0;
		};
/* End PBXSourcesBuildPhase section */

/* Begin PBXTargetDependency section */
		E12A85BE1D3567E000FBF7E1 /* PBXTargetDependency */ = {
			isa = PBXTargetDependency;
			target = E12A85BA1D3567E000FBF7E1 /* health_app WatchKit App */;
			targetProxy = E12A85BD1D3567E000FBF7E1 /* PBXContainerItemProxy */;
		};
		E12A85CD1D3567E100FBF7E1 /* PBXTargetDependency */ = {
			isa = PBXTargetDependency;
			target = E12A85C91D3567E100FBF7E1 /* health_app WatchKit Extension */;
			targetProxy = E12A85CC1D3567E100FBF7E1 /* PBXContainerItemProxy */;
		};
/* End PBXTargetDependency section */

/* Begin PBXVariantGroup section */
		E12A85B01D3567E000FBF7E1 /* Main.storyboard */ = {
			isa = PBXVariantGroup;
			children = (
				E12A85B11D3567E000FBF7E1 /* Base */,
			);
			name = Main.storyboard;
			sourceTree = "<group>";
		};
		E12A85B51D3567E000FBF7E1 /* LaunchScreen.storyboard */ = {
			isa = PBXVariantGroup;
			children = (
				E12A85B61D3567E000FBF7E1 /* Base */,
			);
			name = LaunchScreen.storyboard;
			sourceTree = "<group>";
		};
		E12A85C01D3567E000FBF7E1 /* Interface.storyboard */ = {
			isa = PBXVariantGroup;
			children = (
				E12A85C11D3567E000FBF7E1 /* Base */,
			);
			name = Interface.storyboard;
			sourceTree = "<group>";
		};
/* End PBXVariantGroup section */

/* Begin XCBuildConfiguration section */
		E12A85DA1D3567E100FBF7E1 /* Debug */ = {
			isa = XCBuildConfiguration;
			buildSettings = {
				ALWAYS_SEARCH_USER_PATHS = NO;
				CLANG_ANALYZER_NONNULL = YES;
				CLANG_CXX_LANGUAGE_STANDARD = "gnu++0x";
				CLANG_CXX_LIBRARY = "libc++";
				CLANG_ENABLE_MODULES = YES;
				CLANG_ENABLE_OBJC_ARC = YES;
				CLANG_WARN_BOOL_CONVERSION = YES;
				CLANG_WARN_CONSTANT_CONVERSION = YES;
				CLANG_WARN_DIRECT_OBJC_ISA_USAGE = YES_ERROR;
				CLANG_WARN_DOCUMENTATION_COMMENTS = YES;
				CLANG_WARN_EMPTY_BODY = YES;
				CLANG_WARN_ENUM_CONVERSION = YES;
				CLANG_WARN_INT_CONVERSION = YES;
				CLANG_WARN_OBJC_ROOT_CLASS = YES_ERROR;
				CLANG_WARN_UNREACHABLE_CODE = YES;
				CLANG_WARN__DUPLICATE_METHOD_MATCH = YES;
				"CODE_SIGN_IDENTITY[sdk=iphoneos*]" = "iPhone Developer";
				COPY_PHASE_STRIP = NO;
				DEBUG_INFORMATION_FORMAT = dwarf;
				ENABLE_STRICT_OBJC_MSGSEND = YES;
				ENABLE_TESTABILITY = YES;
				GCC_C_LANGUAGE_STANDARD = gnu99;
				GCC_DYNAMIC_NO_PIC = NO;
				GCC_NO_COMMON_BLOCKS = YES;
				GCC_OPTIMIZATION_LEVEL = 0;
				GCC_PREPROCESSOR_DEFINITIONS = (
					"DEBUG=1",
					"$(inherited)",
				);
				GCC_WARN_64_TO_32_BIT_CONVERSION = YES;
				GCC_WARN_ABOUT_RETURN_TYPE = YES_ERROR;
				GCC_WARN_UNDECLARED_SELECTOR = YES;
				GCC_WARN_UNINITIALIZED_AUTOS = YES_AGGRESSIVE;
				GCC_WARN_UNUSED_FUNCTION = YES;
				GCC_WARN_UNUSED_VARIABLE = YES;
				IPHONEOS_DEPLOYMENT_TARGET = 10.0;
				MTL_ENABLE_DEBUG_INFO = YES;
				ONLY_ACTIVE_ARCH = YES;
				SDKROOT = iphoneos;
				SWIFT_ACTIVE_COMPILATION_CONDITIONS = DEBUG;
				SWIFT_OPTIMIZATION_LEVEL = "-Onone";
			};
			name = Debug;
		};
		E12A85DB1D3567E100FBF7E1 /* Release */ = {
			isa = XCBuildConfiguration;
			buildSettings = {
				ALWAYS_SEARCH_USER_PATHS = NO;
				CLANG_ANALYZER_NONNULL = YES;
				CLANG_CXX_LANGUAGE_STANDARD = "gnu++0x";
				CLANG_CXX_LIBRARY = "libc++";
				CLANG_ENABLE_MODULES = YES;
				CLANG_ENABLE_OBJC_ARC = YES;
				CLANG_WARN_BOOL_CONVERSION = YES;
				CLANG_WARN_CONSTANT_CONVERSION = YES;
				CLANG_WARN_DIRECT_OBJC_ISA_USAGE = YES_ERROR;
				CLANG_WARN_DOCUMENTATION_COMMENTS = YES;
				CLANG_WARN_EMPTY_BODY = YES;
				CLANG_WARN_ENUM_CONVERSION = YES;
				CLANG_WARN_INT_CONVERSION = YES;
				CLANG_WARN_OBJC_ROOT_CLASS = YES_ERROR;
				CLANG_WARN_UNREACHABLE_CODE = YES;
				CLANG_WARN__DUPLICATE_METHOD_MATCH = YES;
				"CODE_SIGN_IDENTITY[sdk=iphoneos*]" = "iPhone Developer";
				COPY_PHASE_STRIP = NO;
				DEBUG_INFORMATION_FORMAT = "dwarf-with-dsym";
				ENABLE_NS_ASSERTIONS = NO;
				ENABLE_STRICT_OBJC_MSGSEND = YES;
				GCC_C_LANGUAGE_STANDARD = gnu99;
				GCC_NO_COMMON_BLOCKS = YES;
				GCC_WARN_64_TO_32_BIT_CONVERSION = YES;
				GCC_WARN_ABOUT_RETURN_TYPE = YES_ERROR;
				GCC_WARN_UNDECLARED_SELECTOR = YES;
				GCC_WARN_UNINITIALIZED_AUTOS = YES_AGGRESSIVE;
				GCC_WARN_UNUSED_FUNCTION = YES;
				GCC_WARN_UNUSED_VARIABLE = YES;
				IPHONEOS_DEPLOYMENT_TARGET = 10.0;
				MTL_ENABLE_DEBUG_INFO = NO;
				SDKROOT = iphoneos;
				SWIFT_OPTIMIZATION_LEVEL = "-Owholemodule";
				VALIDATE_PRODUCT = YES;
			};
			name = Release;
		};
		E12A85DD1D3567E100FBF7E1 /* Debug */ = {
			isa = XCBuildConfiguration;
			buildSettings = {
				ASSETCATALOG_COMPILER_COMPLICATION_NAME = Complication;
				INFOPLIST_FILE = "health_app WatchKit Extension/Info.plist";
				LD_RUNPATH_SEARCH_PATHS = "$(inherited) @executable_path/Frameworks @executable_path/../../Frameworks";
				PRODUCT_BUNDLE_IDENTIFIER = "bepid.health-app.watchkitapp.watchkitextension";
				PRODUCT_NAME = "${TARGET_NAME}";
				SDKROOT = watchos;
				SKIP_INSTALL = YES;
				SWIFT_VERSION = 3.0;
				TARGETED_DEVICE_FAMILY = 4;
				WATCHOS_DEPLOYMENT_TARGET = 3.0;
			};
			name = Debug;
		};
		E12A85DE1D3567E100FBF7E1 /* Release */ = {
			isa = XCBuildConfiguration;
			buildSettings = {
				ASSETCATALOG_COMPILER_COMPLICATION_NAME = Complication;
				INFOPLIST_FILE = "health_app WatchKit Extension/Info.plist";
				LD_RUNPATH_SEARCH_PATHS = "$(inherited) @executable_path/Frameworks @executable_path/../../Frameworks";
				PRODUCT_BUNDLE_IDENTIFIER = "bepid.health-app.watchkitapp.watchkitextension";
				PRODUCT_NAME = "${TARGET_NAME}";
				SDKROOT = watchos;
				SKIP_INSTALL = YES;
				SWIFT_VERSION = 3.0;
				TARGETED_DEVICE_FAMILY = 4;
				WATCHOS_DEPLOYMENT_TARGET = 3.0;
			};
			name = Release;
		};
		E12A85E11D3567E100FBF7E1 /* Debug */ = {
			isa = XCBuildConfiguration;
			buildSettings = {
				ALWAYS_EMBED_SWIFT_STANDARD_LIBRARIES = YES;
				ASSETCATALOG_COMPILER_APPICON_NAME = AppIcon;
				IBSC_MODULE = health_app_WatchKit_Extension;
				INFOPLIST_FILE = "health_app WatchKit App/Info.plist";
				PRODUCT_BUNDLE_IDENTIFIER = "bepid.health-app.watchkitapp";
				PRODUCT_NAME = "$(TARGET_NAME)";
				SDKROOT = watchos;
				SKIP_INSTALL = YES;
				SWIFT_VERSION = 3.0;
				TARGETED_DEVICE_FAMILY = 4;
				WATCHOS_DEPLOYMENT_TARGET = 3.0;
			};
			name = Debug;
		};
		E12A85E21D3567E100FBF7E1 /* Release */ = {
			isa = XCBuildConfiguration;
			buildSettings = {
				ALWAYS_EMBED_SWIFT_STANDARD_LIBRARIES = YES;
				ASSETCATALOG_COMPILER_APPICON_NAME = AppIcon;
				IBSC_MODULE = health_app_WatchKit_Extension;
				INFOPLIST_FILE = "health_app WatchKit App/Info.plist";
				PRODUCT_BUNDLE_IDENTIFIER = "bepid.health-app.watchkitapp";
				PRODUCT_NAME = "$(TARGET_NAME)";
				SDKROOT = watchos;
				SKIP_INSTALL = YES;
				SWIFT_VERSION = 3.0;
				TARGETED_DEVICE_FAMILY = 4;
				WATCHOS_DEPLOYMENT_TARGET = 3.0;
			};
			name = Release;
		};
		E12A85E51D3567E100FBF7E1 /* Debug */ = {
			isa = XCBuildConfiguration;
			buildSettings = {
				ASSETCATALOG_COMPILER_APPICON_NAME = AppIcon;
				CODE_SIGN_ENTITLEMENTS = health_app/health_app.entitlements;
				INFOPLIST_FILE = health_app/Info.plist;
				LD_RUNPATH_SEARCH_PATHS = "$(inherited) @executable_path/Frameworks";
				PRODUCT_BUNDLE_IDENTIFIER = "bepid.health-app";
				PRODUCT_NAME = "$(TARGET_NAME)";
				SWIFT_VERSION = 3.0;
			};
			name = Debug;
		};
		E12A85E61D3567E100FBF7E1 /* Release */ = {
			isa = XCBuildConfiguration;
			buildSettings = {
				ASSETCATALOG_COMPILER_APPICON_NAME = AppIcon;
				CODE_SIGN_ENTITLEMENTS = health_app/health_app.entitlements;
				INFOPLIST_FILE = health_app/Info.plist;
				LD_RUNPATH_SEARCH_PATHS = "$(inherited) @executable_path/Frameworks";
				PRODUCT_BUNDLE_IDENTIFIER = "bepid.health-app";
				PRODUCT_NAME = "$(TARGET_NAME)";
				SWIFT_VERSION = 3.0;
			};
			name = Release;
		};
/* End XCBuildConfiguration section */

/* Begin XCConfigurationList section */
		E12A85A41D3567E000FBF7E1 /* Build configuration list for PBXProject "health_app" */ = {
			isa = XCConfigurationList;
			buildConfigurations = (
				E12A85DA1D3567E100FBF7E1 /* Debug */,
				E12A85DB1D3567E100FBF7E1 /* Release */,
			);
			defaultConfigurationIsVisible = 0;
			defaultConfigurationName = Release;
		};
		E12A85DC1D3567E100FBF7E1 /* Build configuration list for PBXNativeTarget "health_app WatchKit Extension" */ = {
			isa = XCConfigurationList;
			buildConfigurations = (
				E12A85DD1D3567E100FBF7E1 /* Debug */,
				E12A85DE1D3567E100FBF7E1 /* Release */,
			);
			defaultConfigurationIsVisible = 0;
			defaultConfigurationName = Release;
		};
		E12A85E01D3567E100FBF7E1 /* Build configuration list for PBXNativeTarget "health_app WatchKit App" */ = {
			isa = XCConfigurationList;
			buildConfigurations = (
				E12A85E11D3567E100FBF7E1 /* Debug */,
				E12A85E21D3567E100FBF7E1 /* Release */,
			);
			defaultConfigurationIsVisible = 0;
			defaultConfigurationName = Release;
		};
		E12A85E41D3567E100FBF7E1 /* Build configuration list for PBXNativeTarget "health_app" */ = {
			isa = XCConfigurationList;
			buildConfigurations = (
				E12A85E51D3567E100FBF7E1 /* Debug */,
				E12A85E61D3567E100FBF7E1 /* Release */,
			);
			defaultConfigurationIsVisible = 0;
			defaultConfigurationName = Release;
		};
/* End XCConfigurationList section */
	};
	rootObject = E12A85A11D3567E000FBF7E1 /* Project object */;
}
